
Microsoft Visual Studio Solution File, Format Version 12.00
# Visual Studio 14
VisualStudioVersion = 14.0.25420.1
MinimumVisualStudioVersion = 10.0.40219.1
Project("{FAE04EC0-301F-11D3-BF4B-00C04F79EFBC}") = "FileTransferTool.Windows", "FileTransferTool\FileTransferTool.Windows.csproj", "{730210A3-6FB2-4EEB-B6B9-3B7BDE987950}"
EndProject
Project("{D954291E-2A0B-460D-934E-DC6B0785DB48}") = "FileTransferTool.CoreLibrary", "SharedCoreLibrary\FileTransferTool.CoreLibrary.shproj", "{BEF27E60-732B-44C3-9CF0-A0633797631E}"
EndProject
Project("{FAE04EC0-301F-11D3-BF4B-00C04F79EFBC}") = "FileTransferTool.AndroidApp", "FileTransferToolAndroid\FileTransferTool.AndroidApp.csproj", "{A1B12AEA-58D6-4DCB-8C4E-D2E1E3440F67}"
EndProject
Global
	GlobalSection(SharedMSBuildProjectFiles) = preSolution
		SharedCoreLibrary\SharedCoreLibrary.projitems*{730210a3-6fb2-4eeb-b6b9-3b7bde987950}*SharedItemsImports = 4
		SharedCoreLibrary\SharedCoreLibrary.projitems*{a1b12aea-58d6-4dcb-8c4e-d2e1e3440f67}*SharedItemsImports = 4
		SharedCoreLibrary\SharedCoreLibrary.projitems*{bef27e60-732b-44c3-9cf0-a0633797631e}*SharedItemsImports = 13
	EndGlobalSection
	GlobalSection(SolutionConfigurationPlatforms) = preSolution
		Debug|Any CPU = Debug|Any CPU
		Release|Any CPU = Release|Any CPU
	EndGlobalSection
	GlobalSection(ProjectConfigurationPlatforms) = postSolution
		{730210A3-6FB2-4EEB-B6B9-3B7BDE987950}.Debug|Any CPU.ActiveCfg = Debug|Any CPU
		{730210A3-6FB2-4EEB-B6B9-3B7BDE987950}.Debug|Any CPU.Build.0 = Debug|Any CPU
		{730210A3-6FB2-4EEB-B6B9-3B7BDE987950}.Release|Any CPU.ActiveCfg = Release|Any CPU
		{730210A3-6FB2-4EEB-B6B9-3B7BDE987950}.Release|Any CPU.Build.0 = Release|Any CPU
		{A1B12AEA-58D6-4DCB-8C4E-D2E1E3440F67}.Debug|Any CPU.ActiveCfg = Debug|Any CPU
		{A1B12AEA-58D6-4DCB-8C4E-D2E1E3440F67}.Debug|Any CPU.Build.0 = Debug|Any CPU
		{A1B12AEA-58D6-4DCB-8C4E-D2E1E3440F67}.Debug|Any CPU.Deploy.0 = Debug|Any CPU
		{A1B12AEA-58D6-4DCB-8C4E-D2E1E3440F67}.Release|Any CPU.ActiveCfg = Release|Any CPU
		{A1B12AEA-58D6-4DCB-8C4E-D2E1E3440F67}.Release|Any CPU.Build.0 = Release|Any CPU
		{A1B12AEA-58D6-4DCB-8C4E-D2E1E3440F67}.Release|Any CPU.Deploy.0 = Release|Any CPU
	EndGlobalSection
	GlobalSection(SolutionProperties) = preSolution
		HideSolutionNode = FALSE
	EndGlobalSection
EndGlobal
